lockVersion: 2.0.0
id: f7a08c6a-272d-43a4-951c-9da08faf703d
management:
  docChecksum: 5e7f1ec1c3cfed98bec92884ab36a878
  docVersion: 2.0.0
  speakeasyVersion: internal
  generationVersion: 2.237.2
  releaseVersion: 0.7.9
  configChecksum: de47cd605a033f5a9f14951d07c3e632
features:
  terraform:
    constsAndDefaults: 0.1.2
    core: 3.8.4
    deprecations: 2.81.1
    globalSecurity: 2.81.3
    globalServerURLs: 2.82.1
    nameOverrides: 2.81.1
    typeOverrides: 2.81.1
generatedFiles:
  - internal/sdk/apiproducts.go
  - internal/sdk/apiproductversions.go
  - internal/sdk/controlplanes.go
  - internal/sdk/consumers.go
  - internal/sdk/plugins.go
  - internal/sdk/routes.go
  - internal/sdk/services.go
  - internal/sdk/portals.go
  - internal/sdk/portalauthsettings.go
  - internal/sdk/sdk.go
  - examples/README.md
  - go.mod
  - go.sum
  - internal/planmodifiers/boolplanmodifier/suppress_diff.go
  - internal/planmodifiers/float64planmodifier/suppress_diff.go
  - internal/planmodifiers/int64planmodifier/suppress_diff.go
  - internal/planmodifiers/listplanmodifier/suppress_diff.go
  - internal/planmodifiers/mapplanmodifier/suppress_diff.go
  - internal/planmodifiers/numberplanmodifier/suppress_diff.go
  - internal/planmodifiers/objectplanmodifier/suppress_diff.go
  - internal/planmodifiers/setplanmodifier/suppress_diff.go
  - internal/planmodifiers/stringplanmodifier/suppress_diff.go
  - internal/planmodifiers/utils/state_check.go
  - internal/provider/reflect/diags.go
  - internal/provider/reflect/doc.go
  - internal/provider/reflect/generic_attr_value.go
  - internal/provider/reflect/helpers.go
  - internal/provider/reflect/interfaces.go
  - internal/provider/reflect/into.go
  - internal/provider/reflect/map.go
  - internal/provider/reflect/number.go
  - internal/provider/reflect/options.go
  - internal/provider/reflect/outof.go
  - internal/provider/reflect/pointer.go
  - internal/provider/reflect/primitive.go
  - internal/provider/reflect/slice.go
  - internal/provider/reflect/struct.go
  - internal/provider/utils.go
  - internal/sdk/pkg/models/sdkerrors/sdkerror.go
  - internal/sdk/pkg/types/bigint.go
  - internal/sdk/pkg/types/date.go
  - internal/sdk/pkg/types/datetime.go
  - internal/sdk/pkg/types/decimal.go
  - internal/sdk/pkg/types/pointers.go
  - internal/sdk/pkg/utils/contenttype.go
  - internal/sdk/pkg/utils/form.go
  - internal/sdk/pkg/utils/headers.go
  - internal/sdk/pkg/utils/json.go
  - internal/sdk/pkg/utils/pathparams.go
  - internal/sdk/pkg/utils/queryparams.go
  - internal/sdk/pkg/utils/requestbody.go
  - internal/sdk/pkg/utils/retries.go
  - internal/sdk/pkg/utils/security.go
  - internal/sdk/pkg/utils/utils.go
  - internal/validators/DateValidator.go
  - internal/validators/ExactlyOneChild.go
  - internal/validators/JSONParseValidator.go
  - internal/validators/RFC3339Validator.go
  - internal/validators/boolvalidators/not_null.go
  - internal/validators/float64validators/not_null.go
  - internal/validators/int64validators/not_null.go
  - internal/validators/listvalidators/not_null.go
  - internal/validators/mapvalidators/not_null.go
  - internal/validators/numbervalidators/not_null.go
  - internal/validators/objectvalidators/not_null.go
  - internal/validators/setvalidators/not_null.go
  - internal/validators/stringvalidators/not_null.go
  - main.go
  - terraform-registry-manifest.json
  - tools/tools.go
  - internal/sdk/pkg/models/operations/createapiproduct.go
  - internal/sdk/pkg/models/operations/deleteapiproduct.go
  - internal/sdk/pkg/models/operations/getapiproduct.go
  - internal/sdk/pkg/models/operations/updateapiproduct.go
  - internal/sdk/pkg/models/operations/createapiproductversion.go
  - internal/sdk/pkg/models/operations/deleteapiproductversion.go
  - internal/sdk/pkg/models/operations/getapiproductversion.go
  - internal/sdk/pkg/models/operations/updateapiproductversion.go
  - internal/sdk/pkg/models/operations/createcontrolplane.go
  - internal/sdk/pkg/models/operations/deletecontrolplane.go
  - internal/sdk/pkg/models/operations/getcontrolplane.go
  - internal/sdk/pkg/models/operations/updatecontrolplane.go
  - internal/sdk/pkg/models/operations/createconsumer.go
  - internal/sdk/pkg/models/operations/deleteconsumer.go
  - internal/sdk/pkg/models/operations/getconsumer.go
  - internal/sdk/pkg/models/operations/upsertconsumer.go
  - internal/sdk/pkg/models/operations/createplugin.go
  - internal/sdk/pkg/models/operations/deleteplugin.go
  - internal/sdk/pkg/models/operations/getplugin.go
  - internal/sdk/pkg/models/operations/upsertplugin.go
  - internal/sdk/pkg/models/operations/createroute.go
  - internal/sdk/pkg/models/operations/deleteroute.go
  - internal/sdk/pkg/models/operations/getroute.go
  - internal/sdk/pkg/models/operations/upsertroute.go
  - internal/sdk/pkg/models/operations/createservice.go
  - internal/sdk/pkg/models/operations/deleteservice.go
  - internal/sdk/pkg/models/operations/getservice.go
  - internal/sdk/pkg/models/operations/upsertservice.go
  - internal/sdk/pkg/models/operations/updateportal.go
  - internal/sdk/pkg/models/operations/getportalauthenticationsettings.go
  - internal/sdk/pkg/models/operations/updateportalauthenticationsettings.go
  - internal/sdk/pkg/models/shared/unsupportedmediatypeerror.go
  - internal/sdk/pkg/models/shared/unauthorizederror.go
  - internal/sdk/pkg/models/shared/forbiddenerror.go
  - internal/sdk/pkg/models/shared/badrequesterror.go
  - internal/sdk/pkg/models/shared/invalidparameterchoiceitem.go
  - internal/sdk/pkg/models/shared/invalidrules.go
  - internal/sdk/pkg/models/shared/apiproduct.go
  - internal/sdk/pkg/models/shared/createapiproductdto.go
  - internal/sdk/pkg/models/shared/notfounderror.go
  - internal/sdk/pkg/models/shared/updateapiproductdto.go
  - internal/sdk/pkg/models/shared/apiproductversion.go
  - internal/sdk/pkg/models/shared/createapiproductversiondto.go
  - internal/sdk/pkg/models/shared/gatewayservicepayload.go
  - internal/sdk/pkg/models/shared/updateapiproductversiondto.go
  - internal/sdk/pkg/models/shared/controlplane.go
  - internal/sdk/pkg/models/shared/conflicterror.go
  - internal/sdk/pkg/models/shared/createcontrolplanerequest.go
  - internal/sdk/pkg/models/shared/updatecontrolplanerequest.go
  - internal/sdk/pkg/models/shared/consumer.go
  - internal/sdk/pkg/models/shared/consumerrequest.go
  - internal/sdk/pkg/models/shared/plugin.go
  - internal/sdk/pkg/models/shared/pluginrequest.go
  - internal/sdk/pkg/models/shared/route.go
  - internal/sdk/pkg/models/shared/routerequest.go
  - internal/sdk/pkg/models/shared/servicerequest.go
  - internal/sdk/pkg/models/shared/updateportalresponse.go
  - internal/sdk/pkg/models/shared/updateportalrequest.go
  - internal/sdk/pkg/models/shared/portalauthenticationsettingsresponse.go
  - internal/sdk/pkg/models/shared/portaloidcconfig.go
  - internal/sdk/pkg/models/shared/portalclaimmappings.go
  - internal/sdk/pkg/models/shared/portalauthenticationsettingsupdaterequest.go
  - internal/sdk/pkg/models/shared/security.go
  - internal/provider/type_gateway_service_payload.go
  - internal/provider/type_control_plane_config.go
  - internal/provider/type_config.go
  - internal/provider/type_plugin_consumer.go
  - internal/provider/type_ordering.go
  - internal/provider/type_portal_claim_mappings.go
  - internal/provider/type_portal_oidc_config.go
  - internal/provider/type_destinations.go
  - internal/provider/type_headers.go
  - internal/provider/type_gateway_service.go
  - USAGE.md
  - internal/provider/provider.go
  - examples/provider/provider.tf
  - internal/provider/apiproduct_resource.go
  - internal/provider/apiproduct_resource_sdk.go
  - examples/resources/konnect_api_product/resource.tf
  - internal/provider/apiproductversion_resource.go
  - internal/provider/apiproductversion_resource_sdk.go
  - examples/resources/konnect_api_product_version/resource.tf
  - internal/provider/consumer_resource.go
  - internal/provider/consumer_resource_sdk.go
  - examples/resources/konnect_consumer/resource.tf
  - internal/provider/gatewaycontrolplane_resource.go
  - internal/provider/gatewaycontrolplane_resource_sdk.go
  - examples/resources/konnect_gateway_control_plane/resource.tf
  - internal/provider/plugin_resource.go
  - internal/provider/plugin_resource_sdk.go
  - examples/resources/konnect_plugin/resource.tf
  - internal/provider/portal_resource.go
  - internal/provider/portal_resource_sdk.go
  - examples/resources/konnect_portal/resource.tf
  - internal/provider/portalauth_resource.go
  - internal/provider/portalauth_resource_sdk.go
  - examples/resources/konnect_portal_auth/resource.tf
  - internal/provider/route_resource.go
  - internal/provider/route_resource_sdk.go
  - examples/resources/konnect_route/resource.tf
  - internal/provider/service_resource.go
  - internal/provider/service_resource_sdk.go
  - examples/resources/konnect_service/resource.tf
  - internal/provider/apiproduct_data_source.go
  - internal/provider/apiproduct_data_source_sdk.go
  - examples/data-sources/konnect_api_product/data-source.tf
  - internal/provider/apiproductversion_data_source.go
  - internal/provider/apiproductversion_data_source_sdk.go
  - examples/data-sources/konnect_api_product_version/data-source.tf
  - internal/provider/consumer_data_source.go
  - internal/provider/consumer_data_source_sdk.go
  - examples/data-sources/konnect_consumer/data-source.tf
  - internal/provider/gatewaycontrolplane_data_source.go
  - internal/provider/gatewaycontrolplane_data_source_sdk.go
  - examples/data-sources/konnect_gateway_control_plane/data-source.tf
  - internal/provider/plugin_data_source.go
  - internal/provider/plugin_data_source_sdk.go
  - examples/data-sources/konnect_plugin/data-source.tf
  - internal/provider/portalauth_data_source.go
  - internal/provider/portalauth_data_source_sdk.go
  - examples/data-sources/konnect_portal_auth/data-source.tf
  - internal/provider/route_data_source.go
  - internal/provider/route_data_source_sdk.go
  - examples/data-sources/konnect_route/data-source.tf
  - internal/provider/service_data_source.go
  - internal/provider/service_data_source_sdk.go
  - examples/data-sources/konnect_service/data-source.tf
  - internal/sdk/pkg/models/operations/options.go
  - .gitattributes
